// !$*UTF8*$!
{
	archiveVersion = 1;
	classes = {
	};
	objectVersion = 55;
	objects = {

/* Begin PBXBuildFile section */
		755617CE28C5C6EF00831531 /* Lightning in Frameworks */ = {isa = PBXBuildFile; productRef = 755617CD28C5C6EF00831531 /* Lightning */; };
		7571CBE228C5BEAB00529718 /* Tests_iOS.swift in Sources */ = {isa = PBXBuildFile; fileRef = 7571CBE128C5BEAB00529718 /* Tests_iOS.swift */; };
		7571CBE428C5BEAB00529718 /* Tests_iOSLaunchTests.swift in Sources */ = {isa = PBXBuildFile; fileRef = 7571CBE328C5BEAB00529718 /* Tests_iOSLaunchTests.swift */; };
		7571CBEE28C5BEAB00529718 /* Tests_macOS.swift in Sources */ = {isa = PBXBuildFile; fileRef = 7571CBED28C5BEAB00529718 /* Tests_macOS.swift */; };
		7571CBF028C5BEAB00529718 /* Tests_macOSLaunchTests.swift in Sources */ = {isa = PBXBuildFile; fileRef = 7571CBEF28C5BEAB00529718 /* Tests_macOSLaunchTests.swift */; };
		7571CBF128C5BEAB00529718 /* SurgeApp.swift in Sources */ = {isa = PBXBuildFile; fileRef = 7571CBC928C5BEAA00529718 /* SurgeApp.swift */; };
		7571CBF228C5BEAB00529718 /* SurgeApp.swift in Sources */ = {isa = PBXBuildFile; fileRef = 7571CBC928C5BEAA00529718 /* SurgeApp.swift */; };
		7571CBF328C5BEAB00529718 /* HomeView.swift in Sources */ = {isa = PBXBuildFile; fileRef = 7571CBCA28C5BEAA00529718 /* HomeView.swift */; };
		7571CBF428C5BEAB00529718 /* HomeView.swift in Sources */ = {isa = PBXBuildFile; fileRef = 7571CBCA28C5BEAA00529718 /* HomeView.swift */; };
		7571CBF528C5BEAB00529718 /* Assets.xcassets in Resources */ = {isa = PBXBuildFile; fileRef = 7571CBCB28C5BEAB00529718 /* Assets.xcassets */; };
		7571CBF628C5BEAB00529718 /* Assets.xcassets in Resources */ = {isa = PBXBuildFile; fileRef = 7571CBCB28C5BEAB00529718 /* Assets.xcassets */; };
		7571CC0D28C5C68C00529718 /* Lightning in Frameworks */ = {isa = PBXBuildFile; productRef = 7571CC0C28C5C68C00529718 /* Lightning */; };
		75AA489A28C683EE0032A3DC /* LightningNodeService.swift in Sources */ = {isa = PBXBuildFile; fileRef = 75AA489928C683EE0032A3DC /* LightningNodeService.swift */; };
		75AA489B28C683EE0032A3DC /* LightningNodeService.swift in Sources */ = {isa = PBXBuildFile; fileRef = 75AA489928C683EE0032A3DC /* LightningNodeService.swift */; };
		75AA489E28C685A30032A3DC /* CryptoSwift in Frameworks */ = {isa = PBXBuildFile; productRef = 75AA489D28C685A30032A3DC /* CryptoSwift */; };
		75AA48A028C685AA0032A3DC /* CryptoSwift in Frameworks */ = {isa = PBXBuildFile; productRef = 75AA489F28C685AA0032A3DC /* CryptoSwift */; };
		75F3FBC628CD95A000FB6D61 /* TransactionListView.swift in Sources */ = {isa = PBXBuildFile; fileRef = 75F3FBC528CD95A000FB6D61 /* TransactionListView.swift */; };
		75F3FBC728CD95A000FB6D61 /* TransactionListView.swift in Sources */ = {isa = PBXBuildFile; fileRef = 75F3FBC528CD95A000FB6D61 /* TransactionListView.swift */; };
		75F3FBC928CD978E00FB6D61 /* HomeViewModel.swift in Sources */ = {isa = PBXBuildFile; fileRef = 75F3FBC828CD978E00FB6D61 /* HomeViewModel.swift */; };
		75F3FBCA28CD978E00FB6D61 /* HomeViewModel.swift in Sources */ = {isa = PBXBuildFile; fileRef = 75F3FBC828CD978E00FB6D61 /* HomeViewModel.swift */; };
		75F3FBCC28CD993E00FB6D61 /* PeersListView.swift in Sources */ = {isa = PBXBuildFile; fileRef = 75F3FBCB28CD993E00FB6D61 /* PeersListView.swift */; };
		75F3FBCD28CD993E00FB6D61 /* PeersListView.swift in Sources */ = {isa = PBXBuildFile; fileRef = 75F3FBCB28CD993E00FB6D61 /* PeersListView.swift */; };
/* End PBXBuildFile section */

/* Begin PBXContainerItemProxy section */
		7571CBDE28C5BEAB00529718 /* PBXContainerItemProxy */ = {
			isa = PBXContainerItemProxy;
			containerPortal = 7571CBC428C5BEAA00529718 /* Project object */;
			proxyType = 1;
			remoteGlobalIDString = 7571CBCF28C5BEAB00529718;
			remoteInfo = "Surge (iOS)";
		};
		7571CBEA28C5BEAB00529718 /* PBXContainerItemProxy */ = {
			isa = PBXContainerItemProxy;
			containerPortal = 7571CBC428C5BEAA00529718 /* Project object */;
			proxyType = 1;
			remoteGlobalIDString = 7571CBD528C5BEAB00529718;
			remoteInfo = "Surge (macOS)";
		};
/* End PBXContainerItemProxy section */

/* Begin PBXFileReference section */
		7571CBC928C5BEAA00529718 /* SurgeApp.swift */ = {isa = PBXFileReference; lastKnownFileType = sourcecode.swift; path = SurgeApp.swift; sourceTree = "<group>"; };
		7571CBCA28C5BEAA00529718 /* HomeView.swift */ = {isa = PBXFileReference; lastKnownFileType = sourcecode.swift; path = HomeView.swift; sourceTree = "<group>"; };
		7571CBCB28C5BEAB00529718 /* Assets.xcassets */ = {isa = PBXFileReference; lastKnownFileType = folder.assetcatalog; path = Assets.xcassets; sourceTree = "<group>"; };
		7571CBD028C5BEAB00529718 /* Surge.app */ = {isa = PBXFileReference; explicitFileType = wrapper.application; includeInIndex = 0; path = Surge.app; sourceTree = BUILT_PRODUCTS_DIR; };
		7571CBD628C5BEAB00529718 /* Surge.app */ = {isa = PBXFileReference; explicitFileType = wrapper.application; includeInIndex = 0; path = Surge.app; sourceTree = BUILT_PRODUCTS_DIR; };
		7571CBD828C5BEAB00529718 /* macOS.entitlements */ = {isa = PBXFileReference; lastKnownFileType = text.plist.entitlements; path = macOS.entitlements; sourceTree = "<group>"; };
		7571CBDD28C5BEAB00529718 /* Tests iOS.xctest */ = {isa = PBXFileReference; explicitFileType = wrapper.cfbundle; includeInIndex = 0; path = "Tests iOS.xctest"; sourceTree = BUILT_PRODUCTS_DIR; };
		7571CBE128C5BEAB00529718 /* Tests_iOS.swift */ = {isa = PBXFileReference; lastKnownFileType = sourcecode.swift; path = Tests_iOS.swift; sourceTree = "<group>"; };
		7571CBE328C5BEAB00529718 /* Tests_iOSLaunchTests.swift */ = {isa = PBXFileReference; lastKnownFileType = sourcecode.swift; path = Tests_iOSLaunchTests.swift; sourceTree = "<group>"; };
		7571CBE928C5BEAB00529718 /* Tests macOS.xctest */ = {isa = PBXFileReference; explicitFileType = wrapper.cfbundle; includeInIndex = 0; path = "Tests macOS.xctest"; sourceTree = BUILT_PRODUCTS_DIR; };
		7571CBED28C5BEAB00529718 /* Tests_macOS.swift */ = {isa = PBXFileReference; lastKnownFileType = sourcecode.swift; path = Tests_macOS.swift; sourceTree = "<group>"; };
		7571CBEF28C5BEAB00529718 /* Tests_macOSLaunchTests.swift */ = {isa = PBXFileReference; lastKnownFileType = sourcecode.swift; path = Tests_macOSLaunchTests.swift; sourceTree = "<group>"; };
		7571CC0A28C5C66300529718 /* Lightning */ = {isa = PBXFileReference; lastKnownFileType = wrapper; path = Lightning; sourceTree = "<group>"; };
		7571CC0B28C5C68700529718 /* Surge--iOS--Info.plist */ = {isa = PBXFileReference; lastKnownFileType = text.plist; path = "Surge--iOS--Info.plist"; sourceTree = "<group>"; };
		75AA489928C683EE0032A3DC /* LightningNodeService.swift */ = {isa = PBXFileReference; lastKnownFileType = sourcecode.swift; path = LightningNodeService.swift; sourceTree = "<group>"; };
		75F3FBC528CD95A000FB6D61 /* TransactionListView.swift */ = {isa = PBXFileReference; lastKnownFileType = sourcecode.swift; path = TransactionListView.swift; sourceTree = "<group>"; };
		75F3FBC828CD978E00FB6D61 /* HomeViewModel.swift */ = {isa = PBXFileReference; lastKnownFileType = sourcecode.swift; path = HomeViewModel.swift; sourceTree = "<group>"; };
		75F3FBCB28CD993E00FB6D61 /* PeersListView.swift */ = {isa = PBXFileReference; lastKnownFileType = sourcecode.swift; path = PeersListView.swift; sourceTree = "<group>"; };
/* End PBXFileReference section */

/* Begin PBXFrameworksBuildPhase section */
		7571CBCD28C5BEAB00529718 /* Frameworks */ = {
			isa = PBXFrameworksBuildPhase;
			buildActionMask = 2147483647;
			files = (
				7571CC0D28C5C68C00529718 /* Lightning in Frameworks */,
				75AA489E28C685A30032A3DC /* CryptoSwift in Frameworks */,
			);
			runOnlyForDeploymentPostprocessing = 0;
		};
		7571CBD328C5BEAB00529718 /* Frameworks */ = {
			isa = PBXFrameworksBuildPhase;
			buildActionMask = 2147483647;
			files = (
				755617CE28C5C6EF00831531 /* Lightning in Frameworks */,
				75AA48A028C685AA0032A3DC /* CryptoSwift in Frameworks */,
			);
			runOnlyForDeploymentPostprocessing = 0;
		};
		7571CBDA28C5BEAB00529718 /* Frameworks */ = {
			isa = PBXFrameworksBuildPhase;
			buildActionMask = 2147483647;
			files = (
			);
			runOnlyForDeploymentPostprocessing = 0;
		};
		7571CBE628C5BEAB00529718 /* Frameworks */ = {
			isa = PBXFrameworksBuildPhase;
			buildActionMask = 2147483647;
			files = (
			);
			runOnlyForDeploymentPostprocessing = 0;
		};
/* End PBXFrameworksBuildPhase section */

/* Begin PBXGroup section */
		7571CBC328C5BEAA00529718 = {
			isa = PBXGroup;
			children = (
				7571CC0B28C5C68700529718 /* Surge--iOS--Info.plist */,
				7571CC0928C5C66300529718 /* Packages */,
				7571CBC828C5BEAA00529718 /* Shared */,
				7571CBD728C5BEAB00529718 /* macOS */,
				7571CBE028C5BEAB00529718 /* Tests iOS */,
				7571CBEC28C5BEAB00529718 /* Tests macOS */,
				7571CBD128C5BEAB00529718 /* Products */,
				7571CC0628C5C3D400529718 /* Frameworks */,
			);
			sourceTree = "<group>";
		};
		7571CBC828C5BEAA00529718 /* Shared */ = {
			isa = PBXGroup;
			children = (
				7571CBC928C5BEAA00529718 /* SurgeApp.swift */,
				7571CBCA28C5BEAA00529718 /* HomeView.swift */,
				7571CBCB28C5BEAB00529718 /* Assets.xcassets */,
				75AA489928C683EE0032A3DC /* LightningNodeService.swift */,
				75F3FBC828CD978E00FB6D61 /* HomeViewModel.swift */,
				75F3FBCB28CD993E00FB6D61 /* PeersListView.swift */,
				75F3FBC528CD95A000FB6D61 /* TransactionListView.swift */,
			);
			path = Shared;
			sourceTree = "<group>";
		};
		7571CBD128C5BEAB00529718 /* Products */ = {
			isa = PBXGroup;
			children = (
				7571CBD028C5BEAB00529718 /* Surge.app */,
				7571CBD628C5BEAB00529718 /* Surge.app */,
				7571CBDD28C5BEAB00529718 /* Tests iOS.xctest */,
				7571CBE928C5BEAB00529718 /* Tests macOS.xctest */,
			);
			name = Products;
			sourceTree = "<group>";
		};
		7571CBD728C5BEAB00529718 /* macOS */ = {
			isa = PBXGroup;
			children = (
				7571CBD828C5BEAB00529718 /* macOS.entitlements */,
			);
			path = macOS;
			sourceTree = "<group>";
		};
		7571CBE028C5BEAB00529718 /* Tests iOS */ = {
			isa = PBXGroup;
			children = (
				7571CBE128C5BEAB00529718 /* Tests_iOS.swift */,
				7571CBE328C5BEAB00529718 /* Tests_iOSLaunchTests.swift */,
			);
			path = "Tests iOS";
			sourceTree = "<group>";
		};
		7571CBEC28C5BEAB00529718 /* Tests macOS */ = {
			isa = PBXGroup;
			children = (
				7571CBED28C5BEAB00529718 /* Tests_macOS.swift */,
				7571CBEF28C5BEAB00529718 /* Tests_macOSLaunchTests.swift */,
			);
			path = "Tests macOS";
			sourceTree = "<group>";
		};
		7571CC0628C5C3D400529718 /* Frameworks */ = {
			isa = PBXGroup;
			children = (
			);
			name = Frameworks;
			sourceTree = "<group>";
		};
		7571CC0928C5C66300529718 /* Packages */ = {
			isa = PBXGroup;
			children = (
				7571CC0A28C5C66300529718 /* Lightning */,
			);
			name = Packages;
			sourceTree = "<group>";
		};
/* End PBXGroup section */

/* Begin PBXNativeTarget section */
		7571CBCF28C5BEAB00529718 /* Surge (iOS) */ = {
			isa = PBXNativeTarget;
			buildConfigurationList = 7571CBF928C5BEAB00529718 /* Build configuration list for PBXNativeTarget "Surge (iOS)" */;
			buildPhases = (
				7571CBCC28C5BEAB00529718 /* Sources */,
				7571CBCD28C5BEAB00529718 /* Frameworks */,
				7571CBCE28C5BEAB00529718 /* Resources */,
			);
			buildRules = (
			);
			dependencies = (
			);
			name = "Surge (iOS)";
			packageProductDependencies = (
				7571CC0C28C5C68C00529718 /* Lightning */,
				75AA489D28C685A30032A3DC /* CryptoSwift */,
			);
			productName = "Surge (iOS)";
			productReference = 7571CBD028C5BEAB00529718 /* Surge.app */;
			productType = "com.apple.product-type.application";
		};
		7571CBD528C5BEAB00529718 /* Surge (macOS) */ = {
			isa = PBXNativeTarget;
			buildConfigurationList = 7571CBFC28C5BEAB00529718 /* Build configuration list for PBXNativeTarget "Surge (macOS)" */;
			buildPhases = (
				7571CBD228C5BEAB00529718 /* Sources */,
				7571CBD328C5BEAB00529718 /* Frameworks */,
				7571CBD428C5BEAB00529718 /* Resources */,
			);
			buildRules = (
			);
			dependencies = (
			);
			name = "Surge (macOS)";
			packageProductDependencies = (
				755617CD28C5C6EF00831531 /* Lightning */,
				75AA489F28C685AA0032A3DC /* CryptoSwift */,
			);
			productName = "Surge (macOS)";
			productReference = 7571CBD628C5BEAB00529718 /* Surge.app */;
			productType = "com.apple.product-type.application";
		};
		7571CBDC28C5BEAB00529718 /* Tests iOS */ = {
			isa = PBXNativeTarget;
			buildConfigurationList = 7571CBFF28C5BEAB00529718 /* Build configuration list for PBXNativeTarget "Tests iOS" */;
			buildPhases = (
				7571CBD928C5BEAB00529718 /* Sources */,
				7571CBDA28C5BEAB00529718 /* Frameworks */,
				7571CBDB28C5BEAB00529718 /* Resources */,
			);
			buildRules = (
			);
			dependencies = (
				7571CBDF28C5BEAB00529718 /* PBXTargetDependency */,
			);
			name = "Tests iOS";
			productName = "Tests iOS";
			productReference = 7571CBDD28C5BEAB00529718 /* Tests iOS.xctest */;
			productType = "com.apple.product-type.bundle.ui-testing";
		};
		7571CBE828C5BEAB00529718 /* Tests macOS */ = {
			isa = PBXNativeTarget;
			buildConfigurationList = 7571CC0228C5BEAB00529718 /* Build configuration list for PBXNativeTarget "Tests macOS" */;
			buildPhases = (
				7571CBE528C5BEAB00529718 /* Sources */,
				7571CBE628C5BEAB00529718 /* Frameworks */,
				7571CBE728C5BEAB00529718 /* Resources */,
			);
			buildRules = (
			);
			dependencies = (
				7571CBEB28C5BEAB00529718 /* PBXTargetDependency */,
			);
			name = "Tests macOS";
			productName = "Tests macOS";
			productReference = 7571CBE928C5BEAB00529718 /* Tests macOS.xctest */;
			productType = "com.apple.product-type.bundle.ui-testing";
		};
/* End PBXNativeTarget section */

/* Begin PBXProject section */
		7571CBC428C5BEAA00529718 /* Project object */ = {
			isa = PBXProject;
			attributes = {
				BuildIndependentTargetsInParallel = 1;
				LastSwiftUpdateCheck = 1330;
				LastUpgradeCheck = 1330;
				TargetAttributes = {
					7571CBCF28C5BEAB00529718 = {
						CreatedOnToolsVersion = 13.3.1;
					};
					7571CBD528C5BEAB00529718 = {
						CreatedOnToolsVersion = 13.3.1;
					};
					7571CBDC28C5BEAB00529718 = {
						CreatedOnToolsVersion = 13.3.1;
						TestTargetID = 7571CBCF28C5BEAB00529718;
					};
					7571CBE828C5BEAB00529718 = {
						CreatedOnToolsVersion = 13.3.1;
						TestTargetID = 7571CBD528C5BEAB00529718;
					};
				};
			};
			buildConfigurationList = 7571CBC728C5BEAA00529718 /* Build configuration list for PBXProject "Surge" */;
			compatibilityVersion = "Xcode 13.0";
			developmentRegion = en;
			hasScannedForEncodings = 0;
			knownRegions = (
				en,
				Base,
			);
			mainGroup = 7571CBC328C5BEAA00529718;
			packageReferences = (
				75AA489C28C685A30032A3DC /* XCRemoteSwiftPackageReference "CryptoSwift" */,
			);
			productRefGroup = 7571CBD128C5BEAB00529718 /* Products */;
			projectDirPath = "";
			projectRoot = "";
			targets = (
				7571CBCF28C5BEAB00529718 /* Surge (iOS) */,
				7571CBD528C5BEAB00529718 /* Surge (macOS) */,
				7571CBDC28C5BEAB00529718 /* Tests iOS */,
				7571CBE828C5BEAB00529718 /* Tests macOS */,
			);
		};
/* End PBXProject section */

/* Begin PBXResourcesBuildPhase section */
		7571CBCE28C5BEAB00529718 /* Resources */ = {
			isa = PBXResourcesBuildPhase;
			buildActionMask = 2147483647;
			files = (
				7571CBF528C5BEAB00529718 /* Assets.xcassets in Resources */,
			);
			runOnlyForDeploymentPostprocessing = 0;
		};
		7571CBD428C5BEAB00529718 /* Resources */ = {
			isa = PBXResourcesBuildPhase;
			buildActionMask = 2147483647;
			files = (
				7571CBF628C5BEAB00529718 /* Assets.xcassets in Resources */,
			);
			runOnlyForDeploymentPostprocessing = 0;
		};
		7571CBDB28C5BEAB00529718 /* Resources */ = {
			isa = PBXResourcesBuildPhase;
			buildActionMask = 2147483647;
			files = (
			);
			runOnlyForDeploymentPostprocessing = 0;
		};
		7571CBE728C5BEAB00529718 /* Resources */ = {
			isa = PBXResourcesBuildPhase;
			buildActionMask = 2147483647;
			files = (
			);
			runOnlyForDeploymentPostprocessing = 0;
		};
/* End PBXResourcesBuildPhase section */

/* Begin PBXSourcesBuildPhase section */
		7571CBCC28C5BEAB00529718 /* Sources */ = {
			isa = PBXSourcesBuildPhase;
			buildActionMask = 2147483647;
			files = (
				75F3FBC628CD95A000FB6D61 /* TransactionListView.swift in Sources */,
				7571CBF328C5BEAB00529718 /* HomeView.swift in Sources */,
				75AA489A28C683EE0032A3DC /* LightningNodeService.swift in Sources */,
				75F3FBC928CD978E00FB6D61 /* HomeViewModel.swift in Sources */,
				75F3FBCC28CD993E00FB6D61 /* PeersListView.swift in Sources */,
				7571CBF128C5BEAB00529718 /* SurgeApp.swift in Sources */,
			);
			runOnlyForDeploymentPostprocessing = 0;
		};
		7571CBD228C5BEAB00529718 /* Sources */ = {
			isa = PBXSourcesBuildPhase;
			buildActionMask = 2147483647;
			files = (
				75F3FBC728CD95A000FB6D61 /* TransactionListView.swift in Sources */,
				7571CBF428C5BEAB00529718 /* HomeView.swift in Sources */,
				75AA489B28C683EE0032A3DC /* LightningNodeService.swift in Sources */,
				75F3FBCA28CD978E00FB6D61 /* HomeViewModel.swift in Sources */,
				75F3FBCD28CD993E00FB6D61 /* PeersListView.swift in Sources */,
				7571CBF228C5BEAB00529718 /* SurgeApp.swift in Sources */,
			);
			runOnlyForDeploymentPostprocessing = 0;
		};
		7571CBD928C5BEAB00529718 /* Sources */ = {
			isa = PBXSourcesBuildPhase;
			buildActionMask = 2147483647;
			files = (
				7571CBE428C5BEAB00529718 /* Tests_iOSLaunchTests.swift in Sources */,
				7571CBE228C5BEAB00529718 /* Tests_iOS.swift in Sources */,
			);
			runOnlyForDeploymentPostprocessing = 0;
		};
		7571CBE528C5BEAB00529718 /* Sources */ = {
			isa = PBXSourcesBuildPhase;
			buildActionMask = 2147483647;
			files = (
				7571CBF028C5BEAB00529718 /* Tests_macOSLaunchTests.swift in Sources */,
				7571CBEE28C5BEAB00529718 /* Tests_macOS.swift in Sources */,
			);
			runOnlyForDeploymentPostprocessing = 0;
		};
/* End PBXSourcesBuildPhase section */

/* Begin PBXTargetDependency section */
		7571CBDF28C5BEAB00529718 /* PBXTargetDependency */ = {
			isa = PBXTargetDependency;
			target = 7571CBCF28C5BEAB00529718 /* Surge (iOS) */;
			targetProxy = 7571CBDE28C5BEAB00529718 /* PBXContainerItemProxy */;
		};
		7571CBEB28C5BEAB00529718 /* PBXTargetDependency */ = {
			isa = PBXTargetDependency;
			target = 7571CBD528C5BEAB00529718 /* Surge (macOS) */;
			targetProxy = 7571CBEA28C5BEAB00529718 /* PBXContainerItemProxy */;
		};
/* End PBXTargetDependency section */

/* Begin XCBuildConfiguration section */
		7571CBF728C5BEAB00529718 /* Debug */ = {
			isa = XCBuildConfiguration;
			buildSettings = {
				ALWAYS_SEARCH_USER_PATHS = NO;
				CLANG_ANALYZER_NONNULL = YES;
				CLANG_ANALYZER_NUMBER_OBJECT_CONVERSION = YES_AGGRESSIVE;
				CLANG_CXX_LANGUAGE_STANDARD = "gnu++17";
				CLANG_ENABLE_MODULES = YES;
				CLANG_ENABLE_OBJC_ARC = YES;
				CLANG_ENABLE_OBJC_WEAK = YES;
				CLANG_WARN_BLOCK_CAPTURE_AUTORELEASING = YES;
				CLANG_WARN_BOOL_CONVERSION = YES;
				CLANG_WARN_COMMA = YES;
				CLANG_WARN_CONSTANT_CONVERSION = YES;
				CLANG_WARN_DEPRECATED_OBJC_IMPLEMENTATIONS = YES;
				CLANG_WARN_DIRECT_OBJC_ISA_USAGE = YES_ERROR;
				CLANG_WARN_DOCUMENTATION_COMMENTS = YES;
				CLANG_WARN_EMPTY_BODY = YES;
				CLANG_WARN_ENUM_CONVERSION = YES;
				CLANG_WARN_INFINITE_RECURSION = YES;
				CLANG_WARN_INT_CONVERSION = YES;
				CLANG_WARN_NON_LITERAL_NULL_CONVERSION = YES;
				CLANG_WARN_OBJC_IMPLICIT_RETAIN_SELF = YES;
				CLANG_WARN_OBJC_LITERAL_CONVERSION = YES;
				CLANG_WARN_OBJC_ROOT_CLASS = YES_ERROR;
				CLANG_WARN_QUOTED_INCLUDE_IN_FRAMEWORK_HEADER = YES;
				CLANG_WARN_RANGE_LOOP_ANALYSIS = YES;
				CLANG_WARN_STRICT_PROTOTYPES = YES;
				CLANG_WARN_SUSPICIOUS_MOVE = YES;
				CLANG_WARN_UNGUARDED_AVAILABILITY = YES_AGGRESSIVE;
				CLANG_WARN_UNREACHABLE_CODE = YES;
				CLANG_WARN__DUPLICATE_METHOD_MATCH = YES;
				COPY_PHASE_STRIP = NO;
				DEBUG_INFORMATION_FORMAT = dwarf;
				ENABLE_STRICT_OBJC_MSGSEND = YES;
				ENABLE_TESTABILITY = YES;
				GCC_C_LANGUAGE_STANDARD = gnu11;
				GCC_DYNAMIC_NO_PIC = NO;
				GCC_NO_COMMON_BLOCKS = YES;
				GCC_OPTIMIZATION_LEVEL = 0;
				GCC_PREPROCESSOR_DEFINITIONS = (
					"DEBUG=1",
					"$(inherited)",
				);
				GCC_WARN_64_TO_32_BIT_CONVERSION = YES;
				GCC_WARN_ABOUT_RETURN_TYPE = YES_ERROR;
				GCC_WARN_UNDECLARED_SELECTOR = YES;
				GCC_WARN_UNINITIALIZED_AUTOS = YES_AGGRESSIVE;
				GCC_WARN_UNUSED_FUNCTION = YES;
				GCC_WARN_UNUSED_VARIABLE = YES;
				MTL_ENABLE_DEBUG_INFO = INCLUDE_SOURCE;
				MTL_FAST_MATH = YES;
				ONLY_ACTIVE_ARCH = YES;
				SWIFT_ACTIVE_COMPILATION_CONDITIONS = DEBUG;
				SWIFT_OPTIMIZATION_LEVEL = "-Onone";
			};
			name = Debug;
		};
		7571CBF828C5BEAB00529718 /* Release */ = {
			isa = XCBuildConfiguration;
			buildSettings = {
				ALWAYS_SEARCH_USER_PATHS = NO;
				CLANG_ANALYZER_NONNULL = YES;
				CLANG_ANALYZER_NUMBER_OBJECT_CONVERSION = YES_AGGRESSIVE;
				CLANG_CXX_LANGUAGE_STANDARD = "gnu++17";
				CLANG_ENABLE_MODULES = YES;
				CLANG_ENABLE_OBJC_ARC = YES;
				CLANG_ENABLE_OBJC_WEAK = YES;
				CLANG_WARN_BLOCK_CAPTURE_AUTORELEASING = YES;
				CLANG_WARN_BOOL_CONVERSION = YES;
				CLANG_WARN_COMMA = YES;
				CLANG_WARN_CONSTANT_CONVERSION = YES;
				CLANG_WARN_DEPRECATED_OBJC_IMPLEMENTATIONS = YES;
				CLANG_WARN_DIRECT_OBJC_ISA_USAGE = YES_ERROR;
				CLANG_WARN_DOCUMENTATION_COMMENTS = YES;
				CLANG_WARN_EMPTY_BODY = YES;
				CLANG_WARN_ENUM_CONVERSION = YES;
				CLANG_WARN_INFINITE_RECURSION = YES;
				CLANG_WARN_INT_CONVERSION = YES;
				CLANG_WARN_NON_LITERAL_NULL_CONVERSION = YES;
				CLANG_WARN_OBJC_IMPLICIT_RETAIN_SELF = YES;
				CLANG_WARN_OBJC_LITERAL_CONVERSION = YES;
				CLANG_WARN_OBJC_ROOT_CLASS = YES_ERROR;
				CLANG_WARN_QUOTED_INCLUDE_IN_FRAMEWORK_HEADER = YES;
				CLANG_WARN_RANGE_LOOP_ANALYSIS = YES;
				CLANG_WARN_STRICT_PROTOTYPES = YES;
				CLANG_WARN_SUSPICIOUS_MOVE = YES;
				CLANG_WARN_UNGUARDED_AVAILABILITY = YES_AGGRESSIVE;
				CLANG_WARN_UNREACHABLE_CODE = YES;
				CLANG_WARN__DUPLICATE_METHOD_MATCH = YES;
				COPY_PHASE_STRIP = NO;
				DEBUG_INFORMATION_FORMAT = "dwarf-with-dsym";
				ENABLE_NS_ASSERTIONS = NO;
				ENABLE_STRICT_OBJC_MSGSEND = YES;
				GCC_C_LANGUAGE_STANDARD = gnu11;
				GCC_NO_COMMON_BLOCKS = YES;
				GCC_WARN_64_TO_32_BIT_CONVERSION = YES;
				GCC_WARN_ABOUT_RETURN_TYPE = YES_ERROR;
				GCC_WARN_UNDECLARED_SELECTOR = YES;
				GCC_WARN_UNINITIALIZED_AUTOS = YES_AGGRESSIVE;
				GCC_WARN_UNUSED_FUNCTION = YES;
				GCC_WARN_UNUSED_VARIABLE = YES;
				MTL_ENABLE_DEBUG_INFO = NO;
				MTL_FAST_MATH = YES;
				SWIFT_COMPILATION_MODE = wholemodule;
				SWIFT_OPTIMIZATION_LEVEL = "-O";
			};
			name = Release;
		};
		7571CBFA28C5BEAB00529718 /* Debug */ = {
			isa = XCBuildConfiguration;
			buildSettings = {
				ASSETCATALOG_COMPILER_APPICON_NAME = AppIcon;
				ASSETCATALOG_COMPILER_GLOBAL_ACCENT_COLOR_NAME = AccentColor;
				CODE_SIGN_STYLE = Automatic;
				CURRENT_PROJECT_VERSION = 1;
				DEVELOPMENT_TEAM = EZ49532236;
				ENABLE_BITCODE = NO;
				ENABLE_PREVIEWS = YES;
				GENERATE_INFOPLIST_FILE = YES;
				INFOPLIST_FILE = "Surge--iOS--Info.plist";
				INFOPLIST_KEY_UIApplicationSceneManifest_Generation = YES;
				INFOPLIST_KEY_UIApplicationSupportsIndirectInputEvents = YES;
				INFOPLIST_KEY_UILaunchScreen_Generation = YES;
				INFOPLIST_KEY_UISupportedInterfaceOrientations_iPad = "UIInterfaceOrientationPortrait UIInterfaceOrientationPortraitUpsideDown UIInterfaceOrientationLandscapeLeft UIInterfaceOrientationLandscapeRight";
				INFOPLIST_KEY_UISupportedInterfaceOrientations_iPhone = "UIInterfaceOrientationPortrait UIInterfaceOrientationLandscapeLeft UIInterfaceOrientationLandscapeRight";
				IPHONEOS_DEPLOYMENT_TARGET = 15.4;
				LD_RUNPATH_SEARCH_PATHS = (
					"$(inherited)",
					"@executable_path/Frameworks",
				);
				MARKETING_VERSION = 1.0;
				PRODUCT_BUNDLE_IDENTIFIER = co.jurvis.Surge;
				PRODUCT_NAME = Surge;
				SDKROOT = iphoneos;
				SWIFT_EMIT_LOC_STRINGS = YES;
				SWIFT_VERSION = 5.0;
				TARGETED_DEVICE_FAMILY = "1,2";
			};
			name = Debug;
		};
		7571CBFB28C5BEAB00529718 /* Release */ = {
			isa = XCBuildConfiguration;
			buildSettings = {
				ASSETCATALOG_COMPILER_APPICON_NAME = AppIcon;
				ASSETCATALOG_COMPILER_GLOBAL_ACCENT_COLOR_NAME = AccentColor;
				CODE_SIGN_STYLE = Automatic;
				CURRENT_PROJECT_VERSION = 1;
				DEVELOPMENT_TEAM = EZ49532236;
				ENABLE_BITCODE = NO;
				ENABLE_PREVIEWS = YES;
				GENERATE_INFOPLIST_FILE = YES;
				INFOPLIST_FILE = "Surge--iOS--Info.plist";
				INFOPLIST_KEY_UIApplicationSceneManifest_Generation = YES;
				INFOPLIST_KEY_UIApplicationSupportsIndirectInputEvents = YES;
				INFOPLIST_KEY_UILaunchScreen_Generation = YES;
				INFOPLIST_KEY_UISupportedInterfaceOrientations_iPad = "UIInterfaceOrientationPortrait UIInterfaceOrientationPortraitUpsideDown UIInterfaceOrientationLandscapeLeft UIInterfaceOrientationLandscapeRight";
				INFOPLIST_KEY_UISupportedInterfaceOrientations_iPhone = "UIInterfaceOrientationPortrait UIInterfaceOrientationLandscapeLeft UIInterfaceOrientationLandscapeRight";
				IPHONEOS_DEPLOYMENT_TARGET = 15.4;
				LD_RUNPATH_SEARCH_PATHS = (
					"$(inherited)",
					"@executable_path/Frameworks",
				);
				MARKETING_VERSION = 1.0;
				PRODUCT_BUNDLE_IDENTIFIER = co.jurvis.Surge;
				PRODUCT_NAME = Surge;
				SDKROOT = iphoneos;
				SWIFT_EMIT_LOC_STRINGS = YES;
				SWIFT_VERSION = 5.0;
				TARGETED_DEVICE_FAMILY = "1,2";
				VALIDATE_PRODUCT = YES;
			};
			name = Release;
		};
		7571CBFD28C5BEAB00529718 /* Debug */ = {
			isa = XCBuildConfiguration;
			buildSettings = {
				ASSETCATALOG_COMPILER_APPICON_NAME = AppIcon;
				ASSETCATALOG_COMPILER_GLOBAL_ACCENT_COLOR_NAME = AccentColor;
				CODE_SIGN_ENTITLEMENTS = macOS/macOS.entitlements;
				CODE_SIGN_STYLE = Automatic;
				COMBINE_HIDPI_IMAGES = YES;
				CURRENT_PROJECT_VERSION = 1;
				DEVELOPMENT_TEAM = EZ49532236;
				ENABLE_HARDENED_RUNTIME = YES;
				ENABLE_PREVIEWS = YES;
				GENERATE_INFOPLIST_FILE = YES;
				INFOPLIST_KEY_NSHumanReadableCopyright = "";
				LD_RUNPATH_SEARCH_PATHS = (
					"$(inherited)",
					"@executable_path/../Frameworks",
				);
				MACOSX_DEPLOYMENT_TARGET = 12.3;
				MARKETING_VERSION = 1.0;
				PRODUCT_BUNDLE_IDENTIFIER = co.jurvis.Surge;
				PRODUCT_NAME = Surge;
				SDKROOT = macosx;
				SWIFT_EMIT_LOC_STRINGS = YES;
				SWIFT_VERSION = 5.0;
			};
			name = Debug;
		};
		7571CBFE28C5BEAB00529718 /* Release */ = {
			isa = XCBuildConfiguration;
			buildSettings = {
				ASSETCATALOG_COMPILER_APPICON_NAME = AppIcon;
				ASSETCATALOG_COMPILER_GLOBAL_ACCENT_COLOR_NAME = AccentColor;
				CODE_SIGN_ENTITLEMENTS = macOS/macOS.entitlements;
				CODE_SIGN_STYLE = Automatic;
				COMBINE_HIDPI_IMAGES = YES;
				CURRENT_PROJECT_VERSION = 1;
				DEVELOPMENT_TEAM = EZ49532236;
				ENABLE_HARDENED_RUNTIME = YES;
				ENABLE_PREVIEWS = YES;
				GENERATE_INFOPLIST_FILE = YES;
				INFOPLIST_KEY_NSHumanReadableCopyright = "";
				LD_RUNPATH_SEARCH_PATHS = (
					"$(inherited)",
					"@executable_path/../Frameworks",
				);
				MACOSX_DEPLOYMENT_TARGET = 12.3;
				MARKETING_VERSION = 1.0;
				PRODUCT_BUNDLE_IDENTIFIER = co.jurvis.Surge;
				PRODUCT_NAME = Surge;
				SDKROOT = macosx;
				SWIFT_EMIT_LOC_STRINGS = YES;
				SWIFT_VERSION = 5.0;
			};
			name = Release;
		};
		7571CC0028C5BEAB00529718 /* Debug */ = {
			isa = XCBuildConfiguration;
			buildSettings = {
				ALWAYS_EMBED_SWIFT_STANDARD_LIBRARIES = YES;
				CODE_SIGN_STYLE = Automatic;
				CURRENT_PROJECT_VERSION = 1;
				DEVELOPMENT_TEAM = EZ49532236;
				GENERATE_INFOPLIST_FILE = YES;
				IPHONEOS_DEPLOYMENT_TARGET = 15.4;
				MARKETING_VERSION = 1.0;
				PRODUCT_BUNDLE_IDENTIFIER = "co.jurvis.Tests-iOS";
				PRODUCT_NAME = "$(TARGET_NAME)";
				SDKROOT = iphoneos;
				SWIFT_EMIT_LOC_STRINGS = NO;
				SWIFT_VERSION = 5.0;
				TARGETED_DEVICE_FAMILY = "1,2";
				TEST_TARGET_NAME = "Surge (iOS)";
			};
			name = Debug;
		};
		7571CC0128C5BEAB00529718 /* Release */ = {
			isa = XCBuildConfiguration;
			buildSettings = {
				ALWAYS_EMBED_SWIFT_STANDARD_LIBRARIES = YES;
				CODE_SIGN_STYLE = Automatic;
				CURRENT_PROJECT_VERSION = 1;
				DEVELOPMENT_TEAM = EZ49532236;
				GENERATE_INFOPLIST_FILE = YES;
				IPHONEOS_DEPLOYMENT_TARGET = 15.4;
				MARKETING_VERSION = 1.0;
				PRODUCT_BUNDLE_IDENTIFIER = "co.jurvis.Tests-iOS";
				PRODUCT_NAME = "$(TARGET_NAME)";
				SDKROOT = iphoneos;
				SWIFT_EMIT_LOC_STRINGS = NO;
				SWIFT_VERSION = 5.0;
				TARGETED_DEVICE_FAMILY = "1,2";
				TEST_TARGET_NAME = "Surge (iOS)";
				VALIDATE_PRODUCT = YES;
			};
			name = Release;
		};
		7571CC0328C5BEAB00529718 /* Debug */ = {
			isa = XCBuildConfiguration;
			buildSettings = {
				ALWAYS_EMBED_SWIFT_STANDARD_LIBRARIES = YES;
				CODE_SIGN_STYLE = Automatic;
				CURRENT_PROJECT_VERSION = 1;
				DEVELOPMENT_TEAM = EZ49532236;
				GENERATE_INFOPLIST_FILE = YES;
				MACOSX_DEPLOYMENT_TARGET = 12.3;
				MARKETING_VERSION = 1.0;
				PRODUCT_BUNDLE_IDENTIFIER = "co.jurvis.Tests-macOS";
				PRODUCT_NAME = "$(TARGET_NAME)";
				SDKROOT = macosx;
				SWIFT_EMIT_LOC_STRINGS = NO;
				SWIFT_VERSION = 5.0;
				TEST_TARGET_NAME = "Surge (macOS)";
			};
			name = Debug;
		};
		7571CC0428C5BEAB00529718 /* Release */ = {
			isa = XCBuildConfiguration;
			buildSettings = {
				ALWAYS_EMBED_SWIFT_STANDARD_LIBRARIES = YES;
				CODE_SIGN_STYLE = Automatic;
				CURRENT_PROJECT_VERSION = 1;
				DEVELOPMENT_TEAM = EZ49532236;
				GENERATE_INFOPLIST_FILE = YES;
				MACOSX_DEPLOYMENT_TARGET = 12.3;
				MARKETING_VERSION = 1.0;
				PRODUCT_BUNDLE_IDENTIFIER = "co.jurvis.Tests-macOS";
				PRODUCT_NAME = "$(TARGET_NAME)";
				SDKROOT = macosx;
				SWIFT_EMIT_LOC_STRINGS = NO;
				SWIFT_VERSION = 5.0;
				TEST_TARGET_NAME = "Surge (macOS)";
			};
			name = Release;
		};
/* End XCBuildConfiguration section */

/* Begin XCConfigurationList section */
		7571CBC728C5BEAA00529718 /* Build configuration list for PBXProject "Surge" */ = {
			isa = XCConfigurationList;
			buildConfigurations = (
				7571CBF728C5BEAB00529718 /* Debug */,
				7571CBF828C5BEAB00529718 /* Release */,
			);
			defaultConfigurationIsVisible = 0;
			defaultConfigurationName = Release;
		};
		7571CBF928C5BEAB00529718 /* Build configuration list for PBXNativeTarget "Surge (iOS)" */ = {
			isa = XCConfigurationList;
			buildConfigurations = (
				7571CBFA28C5BEAB00529718 /* Debug */,
				7571CBFB28C5BEAB00529718 /* Release */,
			);
			defaultConfigurationIsVisible = 0;
			defaultConfigurationName = Release;
		};
		7571CBFC28C5BEAB00529718 /* Build configuration list for PBXNativeTarget "Surge (macOS)" */ = {
			isa = XCConfigurationList;
			buildConfigurations = (
				7571CBFD28C5BEAB00529718 /* Debug */,
				7571CBFE28C5BEAB00529718 /* Release */,
			);
			defaultConfigurationIsVisible = 0;
			defaultConfigurationName = Release;
		};
		7571CBFF28C5BEAB00529718 /* Build configuration list for PBXNativeTarget "Tests iOS" */ = {
			isa = XCConfigurationList;
			buildConfigurations = (
				7571CC0028C5BEAB00529718 /* Debug */,
				7571CC0128C5BEAB00529718 /* Release */,
			);
			defaultConfigurationIsVisible = 0;
			defaultConfigurationName = Release;
		};
		7571CC0228C5BEAB00529718 /* Build configuration list for PBXNativeTarget "Tests macOS" */ = {
			isa = XCConfigurationList;
			buildConfigurations = (
				7571CC0328C5BEAB00529718 /* Debug */,
				7571CC0428C5BEAB00529718 /* Release */,
			);
			defaultConfigurationIsVisible = 0;
			defaultConfigurationName = Release;
		};
/* End XCConfigurationList section */

/* Begin XCRemoteSwiftPackageReference section */
		75AA489C28C685A30032A3DC /* XCRemoteSwiftPackageReference "CryptoSwift" */ = {
			isa = XCRemoteSwiftPackageReference;
			repositoryURL = "https://github.com/krzyzanowskim/CryptoSwift";
			requirement = {
				kind = upToNextMajorVersion;
				minimumVersion = 1.0.0;
			};
		};
/* End XCRemoteSwiftPackageReference section */

/* Begin XCSwiftPackageProductDependency section */
		755617CD28C5C6EF00831531 /* Lightning */ = {
			isa = XCSwiftPackageProductDependency;
			productName = Lightning;
		};
		7571CC0C28C5C68C00529718 /* Lightning */ = {
			isa = XCSwiftPackageProductDependency;
			productName = Lightning;
		};
		75AA489D28C685A30032A3DC /* CryptoSwift */ = {
			isa = XCSwiftPackageProductDependency;
			package = 75AA489C28C685A30032A3DC /* XCRemoteSwiftPackageReference "CryptoSwift" */;
			productName = CryptoSwift;
		};
		75AA489F28C685AA0032A3DC /* CryptoSwift */ = {
			isa = XCSwiftPackageProductDependency;
			package = 75AA489C28C685A30032A3DC /* XCRemoteSwiftPackageReference "CryptoSwift" */;
			productName = CryptoSwift;
		};
/* End XCSwiftPackageProductDependency section */
	};
	rootObject = 7571CBC428C5BEAA00529718 /* Project object */;
}
